
Microsoft Visual Studio Solution File, Format Version 12.00
# Visual Studio Version 18
VisualStudioVersion = 18.6.11723.189 insiders
MinimumVisualStudioVersion = 10.0.40219.1
Project("{FAE04EC0-301F-11D3-BF4B-00C04F79EFBC}") = "IQeSign.VeriFactu.MultiTenant", "IQeSign.VeriFactu.MultiTenant.csproj", "{6350BC06-FC57-ECEB-D54F-40D25DB7337D}"
EndProject
Global
	GlobalSection(SolutionConfigurationPlatforms) = preSolution
		Debug|Any CPU = Debug|Any CPU
		Release|Any CPU = Release|Any CPU
	EndGlobalSection
	GlobalSection(ProjectConfigurationPlatforms) = postSolution
		{6350BC06-FC57-ECEB-D54F-40D25DB7337D}.Debug|Any CPU.ActiveCfg = Debug|Any CPU
		{6350BC06-FC57-ECEB-D54F-40D25DB7337D}.Debug|Any CPU.Build.0 = Debug|Any CPU
		{6350BC06-FC57-ECEB-D54F-40D25DB7337D}.Release|Any CPU.ActiveCfg = Release|Any CPU
		{6350BC06-FC57-ECEB-D54F-40D25DB7337D}.Release|Any CPU.Build.0 = Release|Any CPU
	EndGlobalSection
	GlobalSection(SolutionProperties) = preSolution
		HideSolutionNode = FALSE
	EndGlobalSection
	GlobalSection(ExtensibilityGlobals) = postSolution
		SolutionGuid = {A84DDCD5-AE7B-4FA9-A4AD-7903877304A6}
	EndGlobalSection
EndGlobal
